// !$*UTF8*$!
{
	archiveVersion = 1;
	classes = {
	};
	objectVersion = 50;
	objects = {

/* Begin PBXBuildFile section */
		E42809AA20E47A2900552AC8 /* AppDelegate.m in Sources */ = {isa = PBXBuildFile; fileRef = E42809A920E47A2900552AC8 /* AppDelegate.m */; };
		E42809AF20E47A2B00552AC8 /* Assets.xcassets in Resources */ = {isa = PBXBuildFile; fileRef = E42809AE20E47A2B00552AC8 /* Assets.xcassets */; };
		E42809B220E47A2B00552AC8 /* Main.storyboard in Resources */ = {isa = PBXBuildFile; fileRef = E42809B020E47A2B00552AC8 /* Main.storyboard */; };
		E42809B520E47A2B00552AC8 /* main.m in Sources */ = {isa = PBXBuildFile; fileRef = E42809B420E47A2B00552AC8 /* main.m */; };
		E42809BF20E47B2700552AC8 /* MainVC.m in Sources */ = {isa = PBXBuildFile; fileRef = E42809BD20E47B2700552AC8 /* MainVC.m */; };
		E42809C620E4AF0600552AC8 /* Popvc.m in Sources */ = {isa = PBXBuildFile; fileRef = E42809C420E4AF0600552AC8 /* Popvc.m */; };
		E42809C720E4AF0600552AC8 /* Popvc.xib in Resources */ = {isa = PBXBuildFile; fileRef = E42809C520E4AF0600552AC8 /* Popvc.xib */; };
		E42809CA20E4C7CC00552AC8 /* tool.png in Resources */ = {isa = PBXBuildFile; fileRef = E42809C920E4C7CC00552AC8 /* tool.png */; };
		E4FB202320E9B63B002E2797 /* DragDropView.m in Sources */ = {isa = PBXBuildFile; fileRef = E4FB202220E9B63B002E2797 /* DragDropView.m */; };
		E4FB207320E9F382002E2797 /* SSZipArchive.m in Sources */ = {isa = PBXBuildFile; fileRef = E4FB206F20E9F382002E2797 /* SSZipArchive.m */; };
		E4FB209920E9F39B002E2797 /* crypt.c in Sources */ = {isa = PBXBuildFile; fileRef = E4FB207620E9F39B002E2797 /* crypt.c */; };
		E4FB209A20E9F39B002E2797 /* unzip.c in Sources */ = {isa = PBXBuildFile; fileRef = E4FB207720E9F39B002E2797 /* unzip.c */; };
		E4FB209B20E9F39B002E2797 /* zip.c in Sources */ = {isa = PBXBuildFile; fileRef = E4FB207820E9F39B002E2797 /* zip.c */; };
		E4FB209C20E9F39B002E2797 /* ioapi.c in Sources */ = {isa = PBXBuildFile; fileRef = E4FB207A20E9F39B002E2797 /* ioapi.c */; };
		E4FB209D20E9F39B002E2797 /* ioapi_buf.c in Sources */ = {isa = PBXBuildFile; fileRef = E4FB207C20E9F39B002E2797 /* ioapi_buf.c */; };
		E4FB209E20E9F39B002E2797 /* ioapi_mem.c in Sources */ = {isa = PBXBuildFile; fileRef = E4FB208020E9F39B002E2797 /* ioapi_mem.c */; };
		E4FB209F20E9F39B002E2797 /* minishared.c in Sources */ = {isa = PBXBuildFile; fileRef = E4FB208120E9F39B002E2797 /* minishared.c */; };
		E4FB20A020E9F39B002E2797 /* aeskey.c in Sources */ = {isa = PBXBuildFile; fileRef = E4FB208720E9F39B002E2797 /* aeskey.c */; };
		E4FB20A120E9F39B002E2797 /* hmac.c in Sources */ = {isa = PBXBuildFile; fileRef = E4FB208820E9F39B002E2797 /* hmac.c */; };
		E4FB20A220E9F39B002E2797 /* aescrypt.c in Sources */ = {isa = PBXBuildFile; fileRef = E4FB208B20E9F39B002E2797 /* aescrypt.c */; };
		E4FB20A320E9F39B002E2797 /* fileenc.c in Sources */ = {isa = PBXBuildFile; fileRef = E4FB208C20E9F39B002E2797 /* fileenc.c */; };
		E4FB20A420E9F39B002E2797 /* sha1.c in Sources */ = {isa = PBXBuildFile; fileRef = E4FB208E20E9F39B002E2797 /* sha1.c */; };
		E4FB20A520E9F39B002E2797 /* aes_ni.c in Sources */ = {isa = PBXBuildFile; fileRef = E4FB209120E9F39B002E2797 /* aes_ni.c */; };
		E4FB20A620E9F39B002E2797 /* prng.c in Sources */ = {isa = PBXBuildFile; fileRef = E4FB209320E9F39B002E2797 /* prng.c */; };
		E4FB20A720E9F39B002E2797 /* pwd2key.c in Sources */ = {isa = PBXBuildFile; fileRef = E4FB209520E9F39B002E2797 /* pwd2key.c */; };
		E4FB20A820E9F39B002E2797 /* aestab.c in Sources */ = {isa = PBXBuildFile; fileRef = E4FB209620E9F39B002E2797 /* aestab.c */; };
		E4FB20AB20E9F667002E2797 /* libz.tbd in Frameworks */ = {isa = PBXBuildFile; fileRef = E4FB20AA20E9F667002E2797 /* libz.tbd */; };
		E4FB20AE20EA05E6002E2797 /* DragDropTool.m in Sources */ = {isa = PBXBuildFile; fileRef = E4FB20AD20EA05E6002E2797 /* DragDropTool.m */; };
		E4FB20EE20EB5EAF002E2797 /* MainMenu.m in Sources */ = {isa = PBXBuildFile; fileRef = E4FB20ED20EB5EAF002E2797 /* MainMenu.m */; };
		E4FB211420EB6D63002E2797 /* Tool.m in Sources */ = {isa = PBXBuildFile; fileRef = E4FB211320EB6D63002E2797 /* Tool.m */; };
		E4FB211620EB73FC002E2797 /* loading.png in Resources */ = {isa = PBXBuildFile; fileRef = E4FB211520EB73FC002E2797 /* loading.png */; };
		E4FB211920EC6010002E2797 /* UserNotificationCenter.m in Sources */ = {isa = PBXBuildFile; fileRef = E4FB211820EC6010002E2797 /* UserNotificationCenter.m */; };
		E4FB213F20ECA98B002E2797 /* ArchiveInfo.m in Sources */ = {isa = PBXBuildFile; fileRef = E4FB213D20ECA98B002E2797 /* ArchiveInfo.m */; };
		E4FB214020ECA98B002E2797 /* ArchiveInfo.xib in Resources */ = {isa = PBXBuildFile; fileRef = E4FB213E20ECA98B002E2797 /* ArchiveInfo.xib */; };
/* End PBXBuildFile section */

/* Begin PBXFileReference section */
		E42809A520E47A2900552AC8 /* MacTool.app */ = {isa = PBXFileReference; explicitFileType = wrapper.application; includeInIndex = 0; path = MacTool.app; sourceTree = BUILT_PRODUCTS_DIR; };
		E42809A820E47A2900552AC8 /* AppDelegate.h */ = {isa = PBXFileReference; lastKnownFileType = sourcecode.c.h; path = AppDelegate.h; sourceTree = "<group>"; };
		E42809A920E47A2900552AC8 /* AppDelegate.m */ = {isa = PBXFileReference; lastKnownFileType = sourcecode.c.objc; path = AppDelegate.m; sourceTree = "<group>"; };
		E42809AE20E47A2B00552AC8 /* Assets.xcassets */ = {isa = PBXFileReference; lastKnownFileType = folder.assetcatalog; path = Assets.xcassets; sourceTree = "<group>"; };
		E42809B120E47A2B00552AC8 /* Base */ = {isa = PBXFileReference; lastKnownFileType = file.storyboard; name = Base; path = Base.lproj/Main.storyboard; sourceTree = "<group>"; };
		E42809B320E47A2B00552AC8 /* Info.plist */ = {isa = PBXFileReference; lastKnownFileType = text.plist.xml; path = Info.plist; sourceTree = "<group>"; };
		E42809B420E47A2B00552AC8 /* main.m */ = {isa = PBXFileReference; lastKnownFileType = sourcecode.c.objc; path = main.m; sourceTree = "<group>"; };
		E42809B620E47A2B00552AC8 /* MacTool.entitlements */ = {isa = PBXFileReference; lastKnownFileType = text.plist.entitlements; path = MacTool.entitlements; sourceTree = "<group>"; };
		E42809BC20E47B2700552AC8 /* MainVC.h */ = {isa = PBXFileReference; lastKnownFileType = sourcecode.c.h; path = MainVC.h; sourceTree = "<group>"; };
		E42809BD20E47B2700552AC8 /* MainVC.m */ = {isa = PBXFileReference; lastKnownFileType = sourcecode.c.objc; path = MainVC.m; sourceTree = "<group>"; };
		E42809C320E4AF0600552AC8 /* Popvc.h */ = {isa = PBXFileReference; lastKnownFileType = sourcecode.c.h; path = Popvc.h; sourceTree = "<group>"; };
		E42809C420E4AF0600552AC8 /* Popvc.m */ = {isa = PBXFileReference; lastKnownFileType = sourcecode.c.objc; path = Popvc.m; sourceTree = "<group>"; };
		E42809C520E4AF0600552AC8 /* Popvc.xib */ = {isa = PBXFileReference; lastKnownFileType = file.xib; path = Popvc.xib; sourceTree = "<group>"; };
		E42809C920E4C7CC00552AC8 /* tool.png */ = {isa = PBXFileReference; lastKnownFileType = image.png; path = tool.png; sourceTree = "<group>"; };
		E4FB202120E9B63B002E2797 /* DragDropView.h */ = {isa = PBXFileReference; lastKnownFileType = sourcecode.c.h; path = DragDropView.h; sourceTree = "<group>"; };
		E4FB202220E9B63B002E2797 /* DragDropView.m */ = {isa = PBXFileReference; lastKnownFileType = sourcecode.c.objc; path = DragDropView.m; sourceTree = "<group>"; };
		E4FB206E20E9F382002E2797 /* SSZipArchive.h */ = {isa = PBXFileReference; fileEncoding = 4; lastKnownFileType = sourcecode.c.h; path = SSZipArchive.h; sourceTree = "<group>"; };
		E4FB206F20E9F382002E2797 /* SSZipArchive.m */ = {isa = PBXFileReference; fileEncoding = 4; lastKnownFileType = sourcecode.c.objc; path = SSZipArchive.m; sourceTree = "<group>"; };
		E4FB207020E9F382002E2797 /* SSZipCommon.h */ = {isa = PBXFileReference; fileEncoding = 4; lastKnownFileType = sourcecode.c.h; path = SSZipCommon.h; sourceTree = "<group>"; };
		E4FB207120E9F382002E2797 /* ZipArchive.h */ = {isa = PBXFileReference; fileEncoding = 4; lastKnownFileType = sourcecode.c.h; path = ZipArchive.h; sourceTree = "<group>"; };
		E4FB207620E9F39B002E2797 /* crypt.c */ = {isa = PBXFileReference; fileEncoding = 4; lastKnownFileType = sourcecode.c.c; path = crypt.c; sourceTree = "<group>"; };
		E4FB207720E9F39B002E2797 /* unzip.c */ = {isa = PBXFileReference; fileEncoding = 4; lastKnownFileType = sourcecode.c.c; path = unzip.c; sourceTree = "<group>"; };
		E4FB207820E9F39B002E2797 /* zip.c */ = {isa = PBXFileReference; fileEncoding = 4; lastKnownFileType = sourcecode.c.c; path = zip.c; sourceTree = "<group>"; };
		E4FB207920E9F39B002E2797 /* minishared.h */ = {isa = PBXFileReference; fileEncoding = 4; lastKnownFileType = sourcecode.c.h; path = minishared.h; sourceTree = "<group>"; };
		E4FB207A20E9F39B002E2797 /* ioapi.c */ = {isa = PBXFileReference; fileEncoding = 4; lastKnownFileType = sourcecode.c.c; path = ioapi.c; sourceTree = "<group>"; };
		E4FB207B20E9F39B002E2797 /* ioapi_mem.h */ = {isa = PBXFileReference; fileEncoding = 4; lastKnownFileType = sourcecode.c.h; path = ioapi_mem.h; sourceTree = "<group>"; };
		E4FB207C20E9F39B002E2797 /* ioapi_buf.c */ = {isa = PBXFileReference; fileEncoding = 4; lastKnownFileType = sourcecode.c.c; path = ioapi_buf.c; sourceTree = "<group>"; };
		E4FB207D20E9F39B002E2797 /* crypt.h */ = {isa = PBXFileReference; fileEncoding = 4; lastKnownFileType = sourcecode.c.h; path = crypt.h; sourceTree = "<group>"; };
		E4FB207E20E9F39B002E2797 /* zip.h */ = {isa = PBXFileReference; fileEncoding = 4; lastKnownFileType = sourcecode.c.h; path = zip.h; sourceTree = "<group>"; };
		E4FB207F20E9F39B002E2797 /* unzip.h */ = {isa = PBXFileReference; fileEncoding = 4; lastKnownFileType = sourcecode.c.h; path = unzip.h; sourceTree = "<group>"; };
		E4FB208020E9F39B002E2797 /* ioapi_mem.c */ = {isa = PBXFileReference; fileEncoding = 4; lastKnownFileType = sourcecode.c.c; path = ioapi_mem.c; sourceTree = "<group>"; };
		E4FB208120E9F39B002E2797 /* minishared.c */ = {isa = PBXFileReference; fileEncoding = 4; lastKnownFileType = sourcecode.c.c; path = minishared.c; sourceTree = "<group>"; };
		E4FB208220E9F39B002E2797 /* ioapi.h */ = {isa = PBXFileReference; fileEncoding = 4; lastKnownFileType = sourcecode.c.h; path = ioapi.h; sourceTree = "<group>"; };
		E4FB208320E9F39B002E2797 /* ioapi_buf.h */ = {isa = PBXFileReference; fileEncoding = 4; lastKnownFileType = sourcecode.c.h; path = ioapi_buf.h; sourceTree = "<group>"; };
		E4FB208520E9F39B002E2797 /* prng.h */ = {isa = PBXFileReference; fileEncoding = 4; lastKnownFileType = sourcecode.c.h; path = prng.h; sourceTree = "<group>"; };
		E4FB208620E9F39B002E2797 /* aes_ni.h */ = {isa = PBXFileReference; fileEncoding = 4; lastKnownFileType = sourcecode.c.h; path = aes_ni.h; sourceTree = "<group>"; };
		E4FB208720E9F39B002E2797 /* aeskey.c */ = {isa = PBXFileReference; fileEncoding = 4; lastKnownFileType = sourcecode.c.c; path = aeskey.c; sourceTree = "<group>"; };
		E4FB208820E9F39B002E2797 /* hmac.c */ = {isa = PBXFileReference; fileEncoding = 4; lastKnownFileType = sourcecode.c.c; path = hmac.c; sourceTree = "<group>"; };
		E4FB208920E9F39B002E2797 /* aestab.h */ = {isa = PBXFileReference; fileEncoding = 4; lastKnownFileType = sourcecode.c.h; path = aestab.h; sourceTree = "<group>"; };
		E4FB208A20E9F39B002E2797 /* pwd2key.h */ = {isa = PBXFileReference; fileEncoding = 4; lastKnownFileType = sourcecode.c.h; path = pwd2key.h; sourceTree = "<group>"; };
		E4FB208B20E9F39B002E2797 /* aescrypt.c */ = {isa = PBXFileReference; fileEncoding = 4; lastKnownFileType = sourcecode.c.c; path = aescrypt.c; sourceTree = "<group>"; };
		E4FB208C20E9F39B002E2797 /* fileenc.c */ = {isa = PBXFileReference; fileEncoding = 4; lastKnownFileType = sourcecode.c.c; path = fileenc.c; sourceTree = "<group>"; };
		E4FB208D20E9F39B002E2797 /* aesopt.h */ = {isa = PBXFileReference; fileEncoding = 4; lastKnownFileType = sourcecode.c.h; path = aesopt.h; sourceTree = "<group>"; };
		E4FB208E20E9F39B002E2797 /* sha1.c */ = {isa = PBXFileReference; fileEncoding = 4; lastKnownFileType = sourcecode.c.c; path = sha1.c; sourceTree = "<group>"; };
		E4FB208F20E9F39B002E2797 /* brg_types.h */ = {isa = PBXFileReference; fileEncoding = 4; lastKnownFileType = sourcecode.c.h; path = brg_types.h; sourceTree = "<group>"; };
		E4FB209020E9F39B002E2797 /* hmac.h */ = {isa = PBXFileReference; fileEncoding = 4; lastKnownFileType = sourcecode.c.h; path = hmac.h; sourceTree = "<group>"; };
		E4FB209120E9F39B002E2797 /* aes_ni.c */ = {isa = PBXFileReference; fileEncoding = 4; lastKnownFileType = sourcecode.c.c; path = aes_ni.c; sourceTree = "<group>"; };
		E4FB209220E9F39B002E2797 /* brg_endian.h */ = {isa = PBXFileReference; fileEncoding = 4; lastKnownFileType = sourcecode.c.h; path = brg_endian.h; sourceTree = "<group>"; };
		E4FB209320E9F39B002E2797 /* prng.c */ = {isa = PBXFileReference; fileEncoding = 4; lastKnownFileType = sourcecode.c.c; path = prng.c; sourceTree = "<group>"; };
		E4FB209420E9F39B002E2797 /* aes.h */ = {isa = PBXFileReference; fileEncoding = 4; lastKnownFileType = sourcecode.c.h; path = aes.h; sourceTree = "<group>"; };
		E4FB209520E9F39B002E2797 /* pwd2key.c */ = {isa = PBXFileReference; fileEncoding = 4; lastKnownFileType = sourcecode.c.c; path = pwd2key.c; sourceTree = "<group>"; };
		E4FB209620E9F39B002E2797 /* aestab.c */ = {isa = PBXFileReference; fileEncoding = 4; lastKnownFileType = sourcecode.c.c; path = aestab.c; sourceTree = "<group>"; };
		E4FB209720E9F39B002E2797 /* sha1.h */ = {isa = PBXFileReference; fileEncoding = 4; lastKnownFileType = sourcecode.c.h; path = sha1.h; sourceTree = "<group>"; };
		E4FB209820E9F39B002E2797 /* fileenc.h */ = {isa = PBXFileReference; fileEncoding = 4; lastKnownFileType = sourcecode.c.h; path = fileenc.h; sourceTree = "<group>"; };
		E4FB20AA20E9F667002E2797 /* libz.tbd */ = {isa = PBXFileReference; lastKnownFileType = "sourcecode.text-based-dylib-definition"; name = libz.tbd; path = usr/lib/libz.tbd; sourceTree = SDKROOT; };
		E4FB20AC20EA05E6002E2797 /* DragDropTool.h */ = {isa = PBXFileReference; lastKnownFileType = sourcecode.c.h; path = DragDropTool.h; sourceTree = "<group>"; };
		E4FB20AD20EA05E6002E2797 /* DragDropTool.m */ = {isa = PBXFileReference; lastKnownFileType = sourcecode.c.objc; path = DragDropTool.m; sourceTree = "<group>"; };
		E4FB20EC20EB5EAF002E2797 /* MainMenu.h */ = {isa = PBXFileReference; lastKnownFileType = sourcecode.c.h; path = MainMenu.h; sourceTree = "<group>"; };
		E4FB20ED20EB5EAF002E2797 /* MainMenu.m */ = {isa = PBXFileReference; lastKnownFileType = sourcecode.c.objc; path = MainMenu.m; sourceTree = "<group>"; };
		E4FB211220EB6D63002E2797 /* Tool.h */ = {isa = PBXFileReference; lastKnownFileType = sourcecode.c.h; path = Tool.h; sourceTree = "<group>"; };
		E4FB211320EB6D63002E2797 /* Tool.m */ = {isa = PBXFileReference; lastKnownFileType = sourcecode.c.objc; path = Tool.m; sourceTree = "<group>"; };
		E4FB211520EB73FC002E2797 /* loading.png */ = {isa = PBXFileReference; lastKnownFileType = image.png; path = loading.png; sourceTree = "<group>"; };
		E4FB211720EC6010002E2797 /* UserNotificationCenter.h */ = {isa = PBXFileReference; lastKnownFileType = sourcecode.c.h; path = UserNotificationCenter.h; sourceTree = "<group>"; };
		E4FB211820EC6010002E2797 /* UserNotificationCenter.m */ = {isa = PBXFileReference; lastKnownFileType = sourcecode.c.objc; path = UserNotificationCenter.m; sourceTree = "<group>"; };
		E4FB213C20ECA98B002E2797 /* ArchiveInfo.h */ = {isa = PBXFileReference; lastKnownFileType = sourcecode.c.h; path = ArchiveInfo.h; sourceTree = "<group>"; };
		E4FB213D20ECA98B002E2797 /* ArchiveInfo.m */ = {isa = PBXFileReference; lastKnownFileType = sourcecode.c.objc; path = ArchiveInfo.m; sourceTree = "<group>"; };
		E4FB213E20ECA98B002E2797 /* ArchiveInfo.xib */ = {isa = PBXFileReference; lastKnownFileType = file.xib; path = ArchiveInfo.xib; sourceTree = "<group>"; };
/* End PBXFileReference section */

/* Begin PBXFrameworksBuildPhase section */
		E42809A220E47A2900552AC8 /* Frameworks */ = {
			isa = PBXFrameworksBuildPhase;
			buildActionMask = 2147483647;
			files = (
				E4FB20AB20E9F667002E2797 /* libz.tbd in Frameworks */,
			);
			runOnlyForDeploymentPostprocessing = 0;
		};
/* End PBXFrameworksBuildPhase section */

/* Begin PBXGroup section */
		E428099C20E47A2900552AC8 = {
			isa = PBXGroup;
			children = (
				E4FB211120EB6D4F002E2797 /* tool */,
				E4FB206C20E9F2D2002E2797 /* lib */,
				E42809C820E4C7C200552AC8 /* res */,
				E42809A720E47A2900552AC8 /* MacTool */,
				E42809A620E47A2900552AC8 /* Products */,
				E4FB20A920E9F667002E2797 /* Frameworks */,
			);
			sourceTree = "<group>";
		};
		E42809A620E47A2900552AC8 /* Products */ = {
			isa = PBXGroup;
			children = (
				E42809A520E47A2900552AC8 /* MacTool.app */,
			);
			name = Products;
			sourceTree = "<group>";
		};
		E42809A720E47A2900552AC8 /* MacTool */ = {
			isa = PBXGroup;
			children = (
				E42809A820E47A2900552AC8 /* AppDelegate.h */,
				E42809A920E47A2900552AC8 /* AppDelegate.m */,
				E42809AE20E47A2B00552AC8 /* Assets.xcassets */,
				E42809B020E47A2B00552AC8 /* Main.storyboard */,
				E42809BC20E47B2700552AC8 /* MainVC.h */,
				E42809BD20E47B2700552AC8 /* MainVC.m */,
				E4FB20EC20EB5EAF002E2797 /* MainMenu.h */,
				E4FB20ED20EB5EAF002E2797 /* MainMenu.m */,
				E4FB202120E9B63B002E2797 /* DragDropView.h */,
				E4FB202220E9B63B002E2797 /* DragDropView.m */,
				E4FB20AC20EA05E6002E2797 /* DragDropTool.h */,
				E4FB20AD20EA05E6002E2797 /* DragDropTool.m */,
				E4FB213C20ECA98B002E2797 /* ArchiveInfo.h */,
				E4FB213D20ECA98B002E2797 /* ArchiveInfo.m */,
				E4FB213E20ECA98B002E2797 /* ArchiveInfo.xib */,
				E42809C320E4AF0600552AC8 /* Popvc.h */,
				E42809C420E4AF0600552AC8 /* Popvc.m */,
				E42809C520E4AF0600552AC8 /* Popvc.xib */,
				E42809B320E47A2B00552AC8 /* Info.plist */,
				E42809B420E47A2B00552AC8 /* main.m */,
				E42809B620E47A2B00552AC8 /* MacTool.entitlements */,
			);
			path = MacTool;
			sourceTree = "<group>";
		};
		E42809C820E4C7C200552AC8 /* res */ = {
			isa = PBXGroup;
			children = (
				E4FB211520EB73FC002E2797 /* loading.png */,
				E42809C920E4C7CC00552AC8 /* tool.png */,
			);
			path = res;
			sourceTree = "<group>";
		};
		E4FB206C20E9F2D2002E2797 /* lib */ = {
			isa = PBXGroup;
			children = (
				E4FB206D20E9F358002E2797 /* zip */,
			);
			path = lib;
			sourceTree = "<group>";
		};
		E4FB206D20E9F358002E2797 /* zip */ = {
			isa = PBXGroup;
			children = (
				E4FB207520E9F39B002E2797 /* minizip */,
				E4FB206E20E9F382002E2797 /* SSZipArchive.h */,
				E4FB206F20E9F382002E2797 /* SSZipArchive.m */,
				E4FB207020E9F382002E2797 /* SSZipCommon.h */,
				E4FB207120E9F382002E2797 /* ZipArchive.h */,
			);
			path = zip;
			sourceTree = "<group>";
		};
		E4FB207520E9F39B002E2797 /* minizip */ = {
			isa = PBXGroup;
			children = (
				E4FB207620E9F39B002E2797 /* crypt.c */,
				E4FB207720E9F39B002E2797 /* unzip.c */,
				E4FB207820E9F39B002E2797 /* zip.c */,
				E4FB207920E9F39B002E2797 /* minishared.h */,
				E4FB207A20E9F39B002E2797 /* ioapi.c */,
				E4FB207B20E9F39B002E2797 /* ioapi_mem.h */,
				E4FB207C20E9F39B002E2797 /* ioapi_buf.c */,
				E4FB207D20E9F39B002E2797 /* crypt.h */,
				E4FB207E20E9F39B002E2797 /* zip.h */,
				E4FB207F20E9F39B002E2797 /* unzip.h */,
				E4FB208020E9F39B002E2797 /* ioapi_mem.c */,
				E4FB208120E9F39B002E2797 /* minishared.c */,
				E4FB208220E9F39B002E2797 /* ioapi.h */,
				E4FB208320E9F39B002E2797 /* ioapi_buf.h */,
				E4FB208420E9F39B002E2797 /* aes */,
			);
			path = minizip;
			sourceTree = "<group>";
		};
		E4FB208420E9F39B002E2797 /* aes */ = {
			isa = PBXGroup;
			children = (
				E4FB208520E9F39B002E2797 /* prng.h */,
				E4FB208620E9F39B002E2797 /* aes_ni.h */,
				E4FB208720E9F39B002E2797 /* aeskey.c */,
				E4FB208820E9F39B002E2797 /* hmac.c */,
				E4FB208920E9F39B002E2797 /* aestab.h */,
				E4FB208A20E9F39B002E2797 /* pwd2key.h */,
				E4FB208B20E9F39B002E2797 /* aescrypt.c */,
				E4FB208C20E9F39B002E2797 /* fileenc.c */,
				E4FB208D20E9F39B002E2797 /* aesopt.h */,
				E4FB208E20E9F39B002E2797 /* sha1.c */,
				E4FB208F20E9F39B002E2797 /* brg_types.h */,
				E4FB209020E9F39B002E2797 /* hmac.h */,
				E4FB209120E9F39B002E2797 /* aes_ni.c */,
				E4FB209220E9F39B002E2797 /* brg_endian.h */,
				E4FB209320E9F39B002E2797 /* prng.c */,
				E4FB209420E9F39B002E2797 /* aes.h */,
				E4FB209520E9F39B002E2797 /* pwd2key.c */,
				E4FB209620E9F39B002E2797 /* aestab.c */,
				E4FB209720E9F39B002E2797 /* sha1.h */,
				E4FB209820E9F39B002E2797 /* fileenc.h */,
			);
			path = aes;
			sourceTree = "<group>";
		};
		E4FB20A920E9F667002E2797 /* Frameworks */ = {
			isa = PBXGroup;
			children = (
				E4FB20AA20E9F667002E2797 /* libz.tbd */,
			);
			name = Frameworks;
			sourceTree = "<group>";
		};
		E4FB211120EB6D4F002E2797 /* tool */ = {
			isa = PBXGroup;
			children = (
				E4FB211220EB6D63002E2797 /* Tool.h */,
				E4FB211320EB6D63002E2797 /* Tool.m */,
				E4FB211720EC6010002E2797 /* UserNotificationCenter.h */,
				E4FB211820EC6010002E2797 /* UserNotificationCenter.m */,
			);
			path = tool;
			sourceTree = "<group>";
		};
/* End PBXGroup section */

/* Begin PBXNativeTarget section */
		E42809A420E47A2900552AC8 /* MacTool */ = {
			isa = PBXNativeTarget;
			buildConfigurationList = E42809B920E47A2B00552AC8 /* Build configuration list for PBXNativeTarget "MacTool" */;
			buildPhases = (
				E42809A120E47A2900552AC8 /* Sources */,
				E42809A220E47A2900552AC8 /* Frameworks */,
				E42809A320E47A2900552AC8 /* Resources */,
			);
			buildRules = (
			);
			dependencies = (
			);
			name = MacTool;
			productName = MacTool;
			productReference = E42809A520E47A2900552AC8 /* MacTool.app */;
			productType = "com.apple.product-type.application";
		};
/* End PBXNativeTarget section */

/* Begin PBXProject section */
		E428099D20E47A2900552AC8 /* Project object */ = {
			isa = PBXProject;
			attributes = {
				LastUpgradeCheck = 0930;
				ORGANIZATIONNAME = Song;
				TargetAttributes = {
					E42809A420E47A2900552AC8 = {
						CreatedOnToolsVersion = 9.3;
						SystemCapabilities = {
							com.apple.ApplicationGroups.Mac = {
								enabled = 0;
							};
							com.apple.Sandbox = {
								enabled = 0;
							};
						};
					};
				};
			};
			buildConfigurationList = E42809A020E47A2900552AC8 /* Build configuration list for PBXProject "MacTool" */;
			compatibilityVersion = "Xcode 9.3";
			developmentRegion = en;
			hasScannedForEncodings = 0;
			knownRegions = (
				en,
				Base,
			);
			mainGroup = E428099C20E47A2900552AC8;
			productRefGroup = E42809A620E47A2900552AC8 /* Products */;
			projectDirPath = "";
			projectRoot = "";
			targets = (
				E42809A420E47A2900552AC8 /* MacTool */,
			);
		};
/* End PBXProject section */

/* Begin PBXResourcesBuildPhase section */
		E42809A320E47A2900552AC8 /* Resources */ = {
			isa = PBXResourcesBuildPhase;
			buildActionMask = 2147483647;
			files = (
				E4FB214020ECA98B002E2797 /* ArchiveInfo.xib in Resources */,
				E4FB211620EB73FC002E2797 /* loading.png in Resources */,
				E42809AF20E47A2B00552AC8 /* Assets.xcassets in Resources */,
				E42809CA20E4C7CC00552AC8 /* tool.png in Resources */,
				E42809B220E47A2B00552AC8 /* Main.storyboard in Resources */,
				E42809C720E4AF0600552AC8 /* Popvc.xib in Resources */,
			);
			runOnlyForDeploymentPostprocessing = 0;
		};
/* End PBXResourcesBuildPhase section */

/* Begin PBXSourcesBuildPhase section */
		E42809A120E47A2900552AC8 /* Sources */ = {
			isa = PBXSourcesBuildPhase;
			buildActionMask = 2147483647;
			files = (
				E4FB211420EB6D63002E2797 /* Tool.m in Sources */,
				E4FB20A320E9F39B002E2797 /* fileenc.c in Sources */,
				E4FB20A120E9F39B002E2797 /* hmac.c in Sources */,
				E4FB209E20E9F39B002E2797 /* ioapi_mem.c in Sources */,
				E4FB209D20E9F39B002E2797 /* ioapi_buf.c in Sources */,
				E42809BF20E47B2700552AC8 /* MainVC.m in Sources */,
				E4FB209F20E9F39B002E2797 /* minishared.c in Sources */,
				E42809B520E47A2B00552AC8 /* main.m in Sources */,
				E4FB20A220E9F39B002E2797 /* aescrypt.c in Sources */,
				E4FB207320E9F382002E2797 /* SSZipArchive.m in Sources */,
				E4FB20A520E9F39B002E2797 /* aes_ni.c in Sources */,
				E4FB20A620E9F39B002E2797 /* prng.c in Sources */,
				E4FB20A820E9F39B002E2797 /* aestab.c in Sources */,
				E4FB213F20ECA98B002E2797 /* ArchiveInfo.m in Sources */,
				E4FB209B20E9F39B002E2797 /* zip.c in Sources */,
				E4FB20AE20EA05E6002E2797 /* DragDropTool.m in Sources */,
				E4FB20A020E9F39B002E2797 /* aeskey.c in Sources */,
				E4FB209C20E9F39B002E2797 /* ioapi.c in Sources */,
				E4FB20A420E9F39B002E2797 /* sha1.c in Sources */,
				E42809C620E4AF0600552AC8 /* Popvc.m in Sources */,
				E4FB209920E9F39B002E2797 /* crypt.c in Sources */,
				E4FB211920EC6010002E2797 /* UserNotificationCenter.m in Sources */,
				E42809AA20E47A2900552AC8 /* AppDelegate.m in Sources */,
				E4FB209A20E9F39B002E2797 /* unzip.c in Sources */,
				E4FB20A720E9F39B002E2797 /* pwd2key.c in Sources */,
				E4FB202320E9B63B002E2797 /* DragDropView.m in Sources */,
				E4FB20EE20EB5EAF002E2797 /* MainMenu.m in Sources */,
			);
			runOnlyForDeploymentPostprocessing = 0;
		};
/* End PBXSourcesBuildPhase section */

/* Begin PBXVariantGroup section */
		E42809B020E47A2B00552AC8 /* Main.storyboard */ = {
			isa = PBXVariantGroup;
			children = (
				E42809B120E47A2B00552AC8 /* Base */,
			);
			name = Main.storyboard;
			sourceTree = "<group>";
		};
/* End PBXVariantGroup section */

/* Begin XCBuildConfiguration section */
		E42809B720E47A2B00552AC8 /* Debug */ = {
			isa = XCBuildConfiguration;
			buildSettings = {
				ALWAYS_SEARCH_USER_PATHS = NO;
				CLANG_ANALYZER_NONNULL = YES;
				CLANG_ANALYZER_NUMBER_OBJECT_CONVERSION = YES_AGGRESSIVE;
				CLANG_CXX_LANGUAGE_STANDARD = "gnu++14";
				CLANG_CXX_LIBRARY = "libc++";
				CLANG_ENABLE_MODULES = YES;
				CLANG_ENABLE_OBJC_ARC = YES;
				CLANG_ENABLE_OBJC_WEAK = YES;
				CLANG_WARN_BLOCK_CAPTURE_AUTORELEASING = YES;
				CLANG_WARN_BOOL_CONVERSION = YES;
				CLANG_WARN_COMMA = YES;
				CLANG_WARN_CONSTANT_CONVERSION = YES;
				CLANG_WARN_DEPRECATED_OBJC_IMPLEMENTATIONS = YES;
				CLANG_WARN_DIRECT_OBJC_ISA_USAGE = YES_ERROR;
				CLANG_WARN_DOCUMENTATION_COMMENTS = YES;
				CLANG_WARN_EMPTY_BODY = YES;
				CLANG_WARN_ENUM_CONVERSION = YES;
				CLANG_WARN_INFINITE_RECURSION = YES;
				CLANG_WARN_INT_CONVERSION = YES;
				CLANG_WARN_NON_LITERAL_NULL_CONVERSION = YES;
				CLANG_WARN_OBJC_IMPLICIT_RETAIN_SELF = YES;
				CLANG_WARN_OBJC_LITERAL_CONVERSION = YES;
				CLANG_WARN_OBJC_ROOT_CLASS = YES_ERROR;
				CLANG_WARN_RANGE_LOOP_ANALYSIS = YES;
				CLANG_WARN_STRICT_PROTOTYPES = YES;
				CLANG_WARN_SUSPICIOUS_MOVE = YES;
				CLANG_WARN_UNGUARDED_AVAILABILITY = YES_AGGRESSIVE;
				CLANG_WARN_UNREACHABLE_CODE = YES;
				CLANG_WARN__DUPLICATE_METHOD_MATCH = YES;
				CODE_SIGN_IDENTITY = "-";
				COPY_PHASE_STRIP = NO;
				DEBUG_INFORMATION_FORMAT = dwarf;
				ENABLE_STRICT_OBJC_MSGSEND = YES;
				ENABLE_TESTABILITY = YES;
				GCC_C_LANGUAGE_STANDARD = gnu11;
				GCC_DYNAMIC_NO_PIC = NO;
				GCC_NO_COMMON_BLOCKS = YES;
				GCC_OPTIMIZATION_LEVEL = 0;
				GCC_PREPROCESSOR_DEFINITIONS = (
					"DEBUG=1",
					"$(inherited)",
				);
				GCC_WARN_64_TO_32_BIT_CONVERSION = YES;
				GCC_WARN_ABOUT_RETURN_TYPE = YES_ERROR;
				GCC_WARN_UNDECLARED_SELECTOR = YES;
				GCC_WARN_UNINITIALIZED_AUTOS = YES_AGGRESSIVE;
				GCC_WARN_UNUSED_FUNCTION = YES;
				GCC_WARN_UNUSED_VARIABLE = YES;
				MACOSX_DEPLOYMENT_TARGET = 10.13;
				MTL_ENABLE_DEBUG_INFO = YES;
				ONLY_ACTIVE_ARCH = YES;
				SDKROOT = macosx;
			};
			name = Debug;
		};
		E42809B820E47A2B00552AC8 /* Release */ = {
			isa = XCBuildConfiguration;
			buildSettings = {
				ALWAYS_SEARCH_USER_PATHS = NO;
				CLANG_ANALYZER_NONNULL = YES;
				CLANG_ANALYZER_NUMBER_OBJECT_CONVERSION = YES_AGGRESSIVE;
				CLANG_CXX_LANGUAGE_STANDARD = "gnu++14";
				CLANG_CXX_LIBRARY = "libc++";
				CLANG_ENABLE_MODULES = YES;
				CLANG_ENABLE_OBJC_ARC = YES;
				CLANG_ENABLE_OBJC_WEAK = YES;
				CLANG_WARN_BLOCK_CAPTURE_AUTORELEASING = YES;
				CLANG_WARN_BOOL_CONVERSION = YES;
				CLANG_WARN_COMMA = YES;
				CLANG_WARN_CONSTANT_CONVERSION = YES;
				CLANG_WARN_DEPRECATED_OBJC_IMPLEMENTATIONS = YES;
				CLANG_WARN_DIRECT_OBJC_ISA_USAGE = YES_ERROR;
				CLANG_WARN_DOCUMENTATION_COMMENTS = YES;
				CLANG_WARN_EMPTY_BODY = YES;
				CLANG_WARN_ENUM_CONVERSION = YES;
				CLANG_WARN_INFINITE_RECURSION = YES;
				CLANG_WARN_INT_CONVERSION = YES;
				CLANG_WARN_NON_LITERAL_NULL_CONVERSION = YES;
				CLANG_WARN_OBJC_IMPLICIT_RETAIN_SELF = YES;
				CLANG_WARN_OBJC_LITERAL_CONVERSION = YES;
				CLANG_WARN_OBJC_ROOT_CLASS = YES_ERROR;
				CLANG_WARN_RANGE_LOOP_ANALYSIS = YES;
				CLANG_WARN_STRICT_PROTOTYPES = YES;
				CLANG_WARN_SUSPICIOUS_MOVE = YES;
				CLANG_WARN_UNGUARDED_AVAILABILITY = YES_AGGRESSIVE;
				CLANG_WARN_UNREACHABLE_CODE = YES;
				CLANG_WARN__DUPLICATE_METHOD_MATCH = YES;
				CODE_SIGN_IDENTITY = "-";
				COPY_PHASE_STRIP = NO;
				DEBUG_INFORMATION_FORMAT = "dwarf-with-dsym";
				ENABLE_NS_ASSERTIONS = NO;
				ENABLE_STRICT_OBJC_MSGSEND = YES;
				GCC_C_LANGUAGE_STANDARD = gnu11;
				GCC_NO_COMMON_BLOCKS = YES;
				GCC_WARN_64_TO_32_BIT_CONVERSION = YES;
				GCC_WARN_ABOUT_RETURN_TYPE = YES_ERROR;
				GCC_WARN_UNDECLARED_SELECTOR = YES;
				GCC_WARN_UNINITIALIZED_AUTOS = YES_AGGRESSIVE;
				GCC_WARN_UNUSED_FUNCTION = YES;
				GCC_WARN_UNUSED_VARIABLE = YES;
				MACOSX_DEPLOYMENT_TARGET = 10.13;
				MTL_ENABLE_DEBUG_INFO = NO;
				SDKROOT = macosx;
			};
			name = Release;
		};
		E42809BA20E47A2B00552AC8 /* Debug */ = {
			isa = XCBuildConfiguration;
			buildSettings = {
				ASSETCATALOG_COMPILER_APPICON_NAME = AppIcon;
				CODE_SIGN_ENTITLEMENTS = MacTool/MacTool.entitlements;
				CODE_SIGN_STYLE = Automatic;
				COMBINE_HIDPI_IMAGES = YES;
				INFOPLIST_FILE = MacTool/Info.plist;
				LD_RUNPATH_SEARCH_PATHS = (
					"$(inherited)",
					"@executable_path/../Frameworks",
				);
				MACOSX_DEPLOYMENT_TARGET = 10.13;
				PRODUCT_BUNDLE_IDENTIFIER = xczcxcxzc.MacTool;
				PRODUCT_NAME = "$(TARGET_NAME)";
			};
			name = Debug;
		};
		E42809BB20E47A2B00552AC8 /* Release */ = {
			isa = XCBuildConfiguration;
			buildSettings = {
				ASSETCATALOG_COMPILER_APPICON_NAME = AppIcon;
				CODE_SIGN_ENTITLEMENTS = MacTool/MacTool.entitlements;
				CODE_SIGN_STYLE = Automatic;
				COMBINE_HIDPI_IMAGES = YES;
				INFOPLIST_FILE = MacTool/Info.plist;
				LD_RUNPATH_SEARCH_PATHS = (
					"$(inherited)",
					"@executable_path/../Frameworks",
				);
				MACOSX_DEPLOYMENT_TARGET = 10.13;
				PRODUCT_BUNDLE_IDENTIFIER = xczcxcxzc.MacTool;
				PRODUCT_NAME = "$(TARGET_NAME)";
			};
			name = Release;
		};
/* End XCBuildConfiguration section */

/* Begin XCConfigurationList section */
		E42809A020E47A2900552AC8 /* Build configuration list for PBXProject "MacTool" */ = {
			isa = XCConfigurationList;
			buildConfigurations = (
				E42809B720E47A2B00552AC8 /* Debug */,
				E42809B820E47A2B00552AC8 /* Release */,
			);
			defaultConfigurationIsVisible = 0;
			defaultConfigurationName = Release;
		};
		E42809B920E47A2B00552AC8 /* Build configuration list for PBXNativeTarget "MacTool" */ = {
			isa = XCConfigurationList;
			buildConfigurations = (
				E42809BA20E47A2B00552AC8 /* Debug */,
				E42809BB20E47A2B00552AC8 /* Release */,
			);
			defaultConfigurationIsVisible = 0;
			defaultConfigurationName = Release;
		};
/* End XCConfigurationList section */
	};
	rootObject = E428099D20E47A2900552AC8 /* Project object */;
}
