// !$*UTF8*$!
{
	archiveVersion = 1;
	classes = {
	};
	objectVersion = 50;
	objects = {

/* Begin PBXBuildFile section */
		E42809AA20E47A2900552AC8 /* AppDelegate.m in Sources */ = {isa = PBXBuildFile; fileRef = E42809A920E47A2900552AC8 /* AppDelegate.m */; };
		E42809AF20E47A2B00552AC8 /* Assets.xcassets in Resources */ = {isa = PBXBuildFile; fileRef = E42809AE20E47A2B00552AC8 /* Assets.xcassets */; };
		E42809B220E47A2B00552AC8 /* Main.storyboard in Resources */ = {isa = PBXBuildFile; fileRef = E42809B020E47A2B00552AC8 /* Main.storyboard */; };
		E42809B520E47A2B00552AC8 /* main.m in Sources */ = {isa = PBXBuildFile; fileRef = E42809B420E47A2B00552AC8 /* main.m */; };
		E42809BF20E47B2700552AC8 /* MainVC.m in Sources */ = {isa = PBXBuildFile; fileRef = E42809BD20E47B2700552AC8 /* MainVC.m */; };
		E42809C620E4AF0600552AC8 /* Popvc.m in Sources */ = {isa = PBXBuildFile; fileRef = E42809C420E4AF0600552AC8 /* Popvc.m */; };
		E42809C720E4AF0600552AC8 /* Popvc.xib in Resources */ = {isa = PBXBuildFile; fileRef = E42809C520E4AF0600552AC8 /* Popvc.xib */; };
		E42809CA20E4C7CC00552AC8 /* tool.png in Resources */ = {isa = PBXBuildFile; fileRef = E42809C920E4C7CC00552AC8 /* tool.png */; };
/* End PBXBuildFile section */

/* Begin PBXFileReference section */
		E42809A520E47A2900552AC8 /* MacTool.app */ = {isa = PBXFileReference; explicitFileType = wrapper.application; includeInIndex = 0; path = MacTool.app; sourceTree = BUILT_PRODUCTS_DIR; };
		E42809A820E47A2900552AC8 /* AppDelegate.h */ = {isa = PBXFileReference; lastKnownFileType = sourcecode.c.h; path = AppDelegate.h; sourceTree = "<group>"; };
		E42809A920E47A2900552AC8 /* AppDelegate.m */ = {isa = PBXFileReference; lastKnownFileType = sourcecode.c.objc; path = AppDelegate.m; sourceTree = "<group>"; };
		E42809AE20E47A2B00552AC8 /* Assets.xcassets */ = {isa = PBXFileReference; lastKnownFileType = folder.assetcatalog; path = Assets.xcassets; sourceTree = "<group>"; };
		E42809B120E47A2B00552AC8 /* Base */ = {isa = PBXFileReference; lastKnownFileType = file.storyboard; name = Base; path = Base.lproj/Main.storyboard; sourceTree = "<group>"; };
		E42809B320E47A2B00552AC8 /* Info.plist */ = {isa = PBXFileReference; lastKnownFileType = text.plist.xml; path = Info.plist; sourceTree = "<group>"; };
		E42809B420E47A2B00552AC8 /* main.m */ = {isa = PBXFileReference; lastKnownFileType = sourcecode.c.objc; path = main.m; sourceTree = "<group>"; };
		E42809B620E47A2B00552AC8 /* MacTool.entitlements */ = {isa = PBXFileReference; lastKnownFileType = text.plist.entitlements; path = MacTool.entitlements; sourceTree = "<group>"; };
		E42809BC20E47B2700552AC8 /* MainVC.h */ = {isa = PBXFileReference; lastKnownFileType = sourcecode.c.h; path = MainVC.h; sourceTree = "<group>"; };
		E42809BD20E47B2700552AC8 /* MainVC.m */ = {isa = PBXFileReference; lastKnownFileType = sourcecode.c.objc; path = MainVC.m; sourceTree = "<group>"; };
		E42809C320E4AF0600552AC8 /* Popvc.h */ = {isa = PBXFileReference; lastKnownFileType = sourcecode.c.h; path = Popvc.h; sourceTree = "<group>"; };
		E42809C420E4AF0600552AC8 /* Popvc.m */ = {isa = PBXFileReference; lastKnownFileType = sourcecode.c.objc; path = Popvc.m; sourceTree = "<group>"; };
		E42809C520E4AF0600552AC8 /* Popvc.xib */ = {isa = PBXFileReference; lastKnownFileType = file.xib; path = Popvc.xib; sourceTree = "<group>"; };
		E42809C920E4C7CC00552AC8 /* tool.png */ = {isa = PBXFileReference; lastKnownFileType = image.png; path = tool.png; sourceTree = "<group>"; };
/* End PBXFileReference section */

/* Begin PBXFrameworksBuildPhase section */
		E42809A220E47A2900552AC8 /* Frameworks */ = {
			isa = PBXFrameworksBuildPhase;
			buildActionMask = 2147483647;
			files = (
			);
			runOnlyForDeploymentPostprocessing = 0;
		};
/* End PBXFrameworksBuildPhase section */

/* Begin PBXGroup section */
		E428099C20E47A2900552AC8 = {
			isa = PBXGroup;
			children = (
				E42809C820E4C7C200552AC8 /* res */,
				E42809A720E47A2900552AC8 /* MacTool */,
				E42809A620E47A2900552AC8 /* Products */,
			);
			sourceTree = "<group>";
		};
		E42809A620E47A2900552AC8 /* Products */ = {
			isa = PBXGroup;
			children = (
				E42809A520E47A2900552AC8 /* MacTool.app */,
			);
			name = Products;
			sourceTree = "<group>";
		};
		E42809A720E47A2900552AC8 /* MacTool */ = {
			isa = PBXGroup;
			children = (
				E42809A820E47A2900552AC8 /* AppDelegate.h */,
				E42809A920E47A2900552AC8 /* AppDelegate.m */,
				E42809AE20E47A2B00552AC8 /* Assets.xcassets */,
				E42809B020E47A2B00552AC8 /* Main.storyboard */,
				E42809BC20E47B2700552AC8 /* MainVC.h */,
				E42809BD20E47B2700552AC8 /* MainVC.m */,
				E42809C320E4AF0600552AC8 /* Popvc.h */,
				E42809C420E4AF0600552AC8 /* Popvc.m */,
				E42809C520E4AF0600552AC8 /* Popvc.xib */,
				E42809B320E47A2B00552AC8 /* Info.plist */,
				E42809B420E47A2B00552AC8 /* main.m */,
				E42809B620E47A2B00552AC8 /* MacTool.entitlements */,
			);
			path = MacTool;
			sourceTree = "<group>";
		};
		E42809C820E4C7C200552AC8 /* res */ = {
			isa = PBXGroup;
			children = (
				E42809C920E4C7CC00552AC8 /* tool.png */,
			);
			path = res;
			sourceTree = "<group>";
		};
/* End PBXGroup section */

/* Begin PBXNativeTarget section */
		E42809A420E47A2900552AC8 /* MacTool */ = {
			isa = PBXNativeTarget;
			buildConfigurationList = E42809B920E47A2B00552AC8 /* Build configuration list for PBXNativeTarget "MacTool" */;
			buildPhases = (
				E42809A120E47A2900552AC8 /* Sources */,
				E42809A220E47A2900552AC8 /* Frameworks */,
				E42809A320E47A2900552AC8 /* Resources */,
			);
			buildRules = (
			);
			dependencies = (
			);
			name = MacTool;
			productName = MacTool;
			productReference = E42809A520E47A2900552AC8 /* MacTool.app */;
			productType = "com.apple.product-type.application";
		};
/* End PBXNativeTarget section */

/* Begin PBXProject section */
		E428099D20E47A2900552AC8 /* Project object */ = {
			isa = PBXProject;
			attributes = {
				LastUpgradeCheck = 0930;
				ORGANIZATIONNAME = Song;
				TargetAttributes = {
					E42809A420E47A2900552AC8 = {
						CreatedOnToolsVersion = 9.3;
						SystemCapabilities = {
							com.apple.Sandbox = {
								enabled = 1;
							};
						};
					};
				};
			};
			buildConfigurationList = E42809A020E47A2900552AC8 /* Build configuration list for PBXProject "MacTool" */;
			compatibilityVersion = "Xcode 9.3";
			developmentRegion = en;
			hasScannedForEncodings = 0;
			knownRegions = (
				en,
				Base,
			);
			mainGroup = E428099C20E47A2900552AC8;
			productRefGroup = E42809A620E47A2900552AC8 /* Products */;
			projectDirPath = "";
			projectRoot = "";
			targets = (
				E42809A420E47A2900552AC8 /* MacTool */,
			);
		};
/* End PBXProject section */

/* Begin PBXResourcesBuildPhase section */
		E42809A320E47A2900552AC8 /* Resources */ = {
			isa = PBXResourcesBuildPhase;
			buildActionMask = 2147483647;
			files = (
				E42809AF20E47A2B00552AC8 /* Assets.xcassets in Resources */,
				E42809CA20E4C7CC00552AC8 /* tool.png in Resources */,
				E42809B220E47A2B00552AC8 /* Main.storyboard in Resources */,
				E42809C720E4AF0600552AC8 /* Popvc.xib in Resources */,
			);
			runOnlyForDeploymentPostprocessing = 0;
		};
/* End PBXResourcesBuildPhase section */

/* Begin PBXSourcesBuildPhase section */
		E42809A120E47A2900552AC8 /* Sources */ = {
			isa = PBXSourcesBuildPhase;
			buildActionMask = 2147483647;
			files = (
				E42809BF20E47B2700552AC8 /* MainVC.m in Sources */,
				E42809B520E47A2B00552AC8 /* main.m in Sources */,
				E42809C620E4AF0600552AC8 /* Popvc.m in Sources */,
				E42809AA20E47A2900552AC8 /* AppDelegate.m in Sources */,
			);
			runOnlyForDeploymentPostprocessing = 0;
		};
/* End PBXSourcesBuildPhase section */

/* Begin PBXVariantGroup section */
		E42809B020E47A2B00552AC8 /* Main.storyboard */ = {
			isa = PBXVariantGroup;
			children = (
				E42809B120E47A2B00552AC8 /* Base */,
			);
			name = Main.storyboard;
			sourceTree = "<group>";
		};
/* End PBXVariantGroup section */

/* Begin XCBuildConfiguration section */
		E42809B720E47A2B00552AC8 /* Debug */ = {
			isa = XCBuildConfiguration;
			buildSettings = {
				ALWAYS_SEARCH_USER_PATHS = NO;
				CLANG_ANALYZER_NONNULL = YES;
				CLANG_ANALYZER_NUMBER_OBJECT_CONVERSION = YES_AGGRESSIVE;
				CLANG_CXX_LANGUAGE_STANDARD = "gnu++14";
				CLANG_CXX_LIBRARY = "libc++";
				CLANG_ENABLE_MODULES = YES;
				CLANG_ENABLE_OBJC_ARC = YES;
				CLANG_ENABLE_OBJC_WEAK = YES;
				CLANG_WARN_BLOCK_CAPTURE_AUTORELEASING = YES;
				CLANG_WARN_BOOL_CONVERSION = YES;
				CLANG_WARN_COMMA = YES;
				CLANG_WARN_CONSTANT_CONVERSION = YES;
				CLANG_WARN_DEPRECATED_OBJC_IMPLEMENTATIONS = YES;
				CLANG_WARN_DIRECT_OBJC_ISA_USAGE = YES_ERROR;
				CLANG_WARN_DOCUMENTATION_COMMENTS = YES;
				CLANG_WARN_EMPTY_BODY = YES;
				CLANG_WARN_ENUM_CONVERSION = YES;
				CLANG_WARN_INFINITE_RECURSION = YES;
				CLANG_WARN_INT_CONVERSION = YES;
				CLANG_WARN_NON_LITERAL_NULL_CONVERSION = YES;
				CLANG_WARN_OBJC_IMPLICIT_RETAIN_SELF = YES;
				CLANG_WARN_OBJC_LITERAL_CONVERSION = YES;
				CLANG_WARN_OBJC_ROOT_CLASS = YES_ERROR;
				CLANG_WARN_RANGE_LOOP_ANALYSIS = YES;
				CLANG_WARN_STRICT_PROTOTYPES = YES;
				CLANG_WARN_SUSPICIOUS_MOVE = YES;
				CLANG_WARN_UNGUARDED_AVAILABILITY = YES_AGGRESSIVE;
				CLANG_WARN_UNREACHABLE_CODE = YES;
				CLANG_WARN__DUPLICATE_METHOD_MATCH = YES;
				CODE_SIGN_IDENTITY = "-";
				COPY_PHASE_STRIP = NO;
				DEBUG_INFORMATION_FORMAT = dwarf;
				ENABLE_STRICT_OBJC_MSGSEND = YES;
				ENABLE_TESTABILITY = YES;
				GCC_C_LANGUAGE_STANDARD = gnu11;
				GCC_DYNAMIC_NO_PIC = NO;
				GCC_NO_COMMON_BLOCKS = YES;
				GCC_OPTIMIZATION_LEVEL = 0;
				GCC_PREPROCESSOR_DEFINITIONS = (
					"DEBUG=1",
					"$(inherited)",
				);
				GCC_WARN_64_TO_32_BIT_CONVERSION = YES;
				GCC_WARN_ABOUT_RETURN_TYPE = YES_ERROR;
				GCC_WARN_UNDECLARED_SELECTOR = YES;
				GCC_WARN_UNINITIALIZED_AUTOS = YES_AGGRESSIVE;
				GCC_WARN_UNUSED_FUNCTION = YES;
				GCC_WARN_UNUSED_VARIABLE = YES;
				MACOSX_DEPLOYMENT_TARGET = 10.13;
				MTL_ENABLE_DEBUG_INFO = YES;
				ONLY_ACTIVE_ARCH = YES;
				SDKROOT = macosx;
			};
			name = Debug;
		};
		E42809B820E47A2B00552AC8 /* Release */ = {
			isa = XCBuildConfiguration;
			buildSettings = {
				ALWAYS_SEARCH_USER_PATHS = NO;
				CLANG_ANALYZER_NONNULL = YES;
				CLANG_ANALYZER_NUMBER_OBJECT_CONVERSION = YES_AGGRESSIVE;
				CLANG_CXX_LANGUAGE_STANDARD = "gnu++14";
				CLANG_CXX_LIBRARY = "libc++";
				CLANG_ENABLE_MODULES = YES;
				CLANG_ENABLE_OBJC_ARC = YES;
				CLANG_ENABLE_OBJC_WEAK = YES;
				CLANG_WARN_BLOCK_CAPTURE_AUTORELEASING = YES;
				CLANG_WARN_BOOL_CONVERSION = YES;
				CLANG_WARN_COMMA = YES;
				CLANG_WARN_CONSTANT_CONVERSION = YES;
				CLANG_WARN_DEPRECATED_OBJC_IMPLEMENTATIONS = YES;
				CLANG_WARN_DIRECT_OBJC_ISA_USAGE = YES_ERROR;
				CLANG_WARN_DOCUMENTATION_COMMENTS = YES;
				CLANG_WARN_EMPTY_BODY = YES;
				CLANG_WARN_ENUM_CONVERSION = YES;
				CLANG_WARN_INFINITE_RECURSION = YES;
				CLANG_WARN_INT_CONVERSION = YES;
				CLANG_WARN_NON_LITERAL_NULL_CONVERSION = YES;
				CLANG_WARN_OBJC_IMPLICIT_RETAIN_SELF = YES;
				CLANG_WARN_OBJC_LITERAL_CONVERSION = YES;
				CLANG_WARN_OBJC_ROOT_CLASS = YES_ERROR;
				CLANG_WARN_RANGE_LOOP_ANALYSIS = YES;
				CLANG_WARN_STRICT_PROTOTYPES = YES;
				CLANG_WARN_SUSPICIOUS_MOVE = YES;
				CLANG_WARN_UNGUARDED_AVAILABILITY = YES_AGGRESSIVE;
				CLANG_WARN_UNREACHABLE_CODE = YES;
				CLANG_WARN__DUPLICATE_METHOD_MATCH = YES;
				CODE_SIGN_IDENTITY = "-";
				COPY_PHASE_STRIP = NO;
				DEBUG_INFORMATION_FORMAT = "dwarf-with-dsym";
				ENABLE_NS_ASSERTIONS = NO;
				ENABLE_STRICT_OBJC_MSGSEND = YES;
				GCC_C_LANGUAGE_STANDARD = gnu11;
				GCC_NO_COMMON_BLOCKS = YES;
				GCC_WARN_64_TO_32_BIT_CONVERSION = YES;
				GCC_WARN_ABOUT_RETURN_TYPE = YES_ERROR;
				GCC_WARN_UNDECLARED_SELECTOR = YES;
				GCC_WARN_UNINITIALIZED_AUTOS = YES_AGGRESSIVE;
				GCC_WARN_UNUSED_FUNCTION = YES;
				GCC_WARN_UNUSED_VARIABLE = YES;
				MACOSX_DEPLOYMENT_TARGET = 10.13;
				MTL_ENABLE_DEBUG_INFO = NO;
				SDKROOT = macosx;
			};
			name = Release;
		};
		E42809BA20E47A2B00552AC8 /* Debug */ = {
			isa = XCBuildConfiguration;
			buildSettings = {
				ASSETCATALOG_COMPILER_APPICON_NAME = AppIcon;
				CODE_SIGN_ENTITLEMENTS = MacTool/MacTool.entitlements;
				CODE_SIGN_STYLE = Automatic;
				COMBINE_HIDPI_IMAGES = YES;
				INFOPLIST_FILE = MacTool/Info.plist;
				LD_RUNPATH_SEARCH_PATHS = (
					"$(inherited)",
					"@executable_path/../Frameworks",
				);
				PRODUCT_BUNDLE_IDENTIFIER = xczcxcxzc.MacTool;
				PRODUCT_NAME = "$(TARGET_NAME)";
			};
			name = Debug;
		};
		E42809BB20E47A2B00552AC8 /* Release */ = {
			isa = XCBuildConfiguration;
			buildSettings = {
				ASSETCATALOG_COMPILER_APPICON_NAME = AppIcon;
				CODE_SIGN_ENTITLEMENTS = MacTool/MacTool.entitlements;
				CODE_SIGN_STYLE = Automatic;
				COMBINE_HIDPI_IMAGES = YES;
				INFOPLIST_FILE = MacTool/Info.plist;
				LD_RUNPATH_SEARCH_PATHS = (
					"$(inherited)",
					"@executable_path/../Frameworks",
				);
				PRODUCT_BUNDLE_IDENTIFIER = xczcxcxzc.MacTool;
				PRODUCT_NAME = "$(TARGET_NAME)";
			};
			name = Release;
		};
/* End XCBuildConfiguration section */

/* Begin XCConfigurationList section */
		E42809A020E47A2900552AC8 /* Build configuration list for PBXProject "MacTool" */ = {
			isa = XCConfigurationList;
			buildConfigurations = (
				E42809B720E47A2B00552AC8 /* Debug */,
				E42809B820E47A2B00552AC8 /* Release */,
			);
			defaultConfigurationIsVisible = 0;
			defaultConfigurationName = Release;
		};
		E42809B920E47A2B00552AC8 /* Build configuration list for PBXNativeTarget "MacTool" */ = {
			isa = XCConfigurationList;
			buildConfigurations = (
				E42809BA20E47A2B00552AC8 /* Debug */,
				E42809BB20E47A2B00552AC8 /* Release */,
			);
			defaultConfigurationIsVisible = 0;
			defaultConfigurationName = Release;
		};
/* End XCConfigurationList section */
	};
	rootObject = E428099D20E47A2900552AC8 /* Project object */;
}
